
Microsoft Visual Studio Solution File, Format Version 12.00
# Visual Studio Version 17
VisualStudioVersion = 17.10.35122.118
MinimumVisualStudioVersion = 10.0.40219.1
Project("{FAE04EC0-301F-11D3-BF4B-00C04F79EFBC}") = "DockerCourseFrontEnd", "DockerCourseFrontEnd\DockerCourseFrontEnd\DockerCourseFrontEnd.csproj", "{C2B02386-ADEB-4C56-9C47-68999EDE03A6}"
EndProject
Project("{FAE04EC0-301F-11D3-BF4B-00C04F79EFBC}") = "DockerCourseFrontEnd.Client", "DockerCourseFrontEnd\DockerCourseFrontEnd.Client\DockerCourseFrontEnd.Client.csproj", "{DC4A54BE-85CC-462D-9DB1-FF89978CA0E1}"
EndProject
Global
	GlobalSection(SolutionConfigurationPlatforms) = preSolution
		Debug|Any CPU = Debug|Any CPU
		Release|Any CPU = Release|Any CPU
	EndGlobalSection
	GlobalSection(ProjectConfigurationPlatforms) = postSolution
		{C2B02386-ADEB-4C56-9C47-68999EDE03A6}.Debug|Any CPU.ActiveCfg = Debug|Any CPU
		{C2B02386-ADEB-4C56-9C47-68999EDE03A6}.Debug|Any CPU.Build.0 = Debug|Any CPU
		{C2B02386-ADEB-4C56-9C47-68999EDE03A6}.Release|Any CPU.ActiveCfg = Release|Any CPU
		{C2B02386-ADEB-4C56-9C47-68999EDE03A6}.Release|Any CPU.Build.0 = Release|Any CPU
		{DC4A54BE-85CC-462D-9DB1-FF89978CA0E1}.Debug|Any CPU.ActiveCfg = Debug|Any CPU
		{DC4A54BE-85CC-462D-9DB1-FF89978CA0E1}.Debug|Any CPU.Build.0 = Debug|Any CPU
		{DC4A54BE-85CC-462D-9DB1-FF89978CA0E1}.Release|Any CPU.ActiveCfg = Release|Any CPU
		{DC4A54BE-85CC-462D-9DB1-FF89978CA0E1}.Release|Any CPU.Build.0 = Release|Any CPU
	EndGlobalSection
	GlobalSection(SolutionProperties) = preSolution
		HideSolutionNode = FALSE
	EndGlobalSection
	GlobalSection(ExtensibilityGlobals) = postSolution
		SolutionGuid = {F0CBF9CF-D982-4E53-9251-781F3797E4AE}
	EndGlobalSection
EndGlobal
